// !$*UTF8*$!
{
	archiveVersion = 1;
	classes = {
	};
	objectVersion = 46;
	objects = {

/* Begin PBXBuildFile section */
		E91D41411EE4233F009BE67F /* web in Resources */ = {isa = PBXBuildFile; fileRef = E91D41401EE4233F009BE67F /* web */; };
		E91D41891EE4241F009BE67F /* NSURLProtocol+WKWebViewSupport.m in Sources */ = {isa = PBXBuildFile; fileRef = E91D41881EE4241F009BE67F /* NSURLProtocol+WKWebViewSupport.m */; };
		E91D41C01EE42AD6009BE67F /* AppProtocol.swift in Sources */ = {isa = PBXBuildFile; fileRef = E91D41BF1EE42AD6009BE67F /* AppProtocol.swift */; };
		E99BB9F01EE411AA00915720 /* AppDelegate.swift in Sources */ = {isa = PBXBuildFile; fileRef = E99BB9EF1EE411AA00915720 /* AppDelegate.swift */; };
		E99BB9F71EE411AA00915720 /* Assets.xcassets in Resources */ = {isa = PBXBuildFile; fileRef = E99BB9F61EE411AA00915720 /* Assets.xcassets */; };
		E99BBA051EE411AA00915720 /* NabiTests.swift in Sources */ = {isa = PBXBuildFile; fileRef = E99BBA041EE411AA00915720 /* NabiTests.swift */; };
		E99BBA101EE411AA00915720 /* NabiUITests.swift in Sources */ = {isa = PBXBuildFile; fileRef = E99BBA0F1EE411AA00915720 /* NabiUITests.swift */; };
		E99BBA3F1EE4135900915720 /* WebKit.framework in Frameworks */ = {isa = PBXBuildFile; fileRef = E99BBA3E1EE4135900915720 /* WebKit.framework */; };
		E99BBB301EE420A600915720 /* libReact.a in Frameworks */ = {isa = PBXBuildFile; fileRef = E99BBAA31EE41FEA00915720 /* libReact.a */; };
		E99BBB511EE420B100915720 /* libRCTActionSheet.a in Frameworks */ = {isa = PBXBuildFile; fileRef = E99BBAB71EE4200A00915720 /* libRCTActionSheet.a */; };
		E99BBB521EE420B600915720 /* libRCTAnimation.a in Frameworks */ = {isa = PBXBuildFile; fileRef = E99BBABE1EE4201E00915720 /* libRCTAnimation.a */; };
		E99BBB531EE420BC00915720 /* libRCTGeolocation.a in Frameworks */ = {isa = PBXBuildFile; fileRef = E99BBAC61EE4202500915720 /* libRCTGeolocation.a */; };
		E99BBB541EE420C200915720 /* libRCTImage.a in Frameworks */ = {isa = PBXBuildFile; fileRef = E99BBACD1EE4202B00915720 /* libRCTImage.a */; };
		E99BBB551EE420C700915720 /* libRCTLinking.a in Frameworks */ = {isa = PBXBuildFile; fileRef = E99BBAD61EE4203500915720 /* libRCTLinking.a */; };
		E99BBB561EE420D400915720 /* libRCTNetwork.a in Frameworks */ = {isa = PBXBuildFile; fileRef = E99BBADF1EE4203B00915720 /* libRCTNetwork.a */; };
		E99BBB571EE420D800915720 /* libRCTSettings.a in Frameworks */ = {isa = PBXBuildFile; fileRef = E99BBAE81EE4204700915720 /* libRCTSettings.a */; };
		E99BBB581EE420DF00915720 /* libRCTText.a in Frameworks */ = {isa = PBXBuildFile; fileRef = E99BBAF11EE4204D00915720 /* libRCTText.a */; };
		E99BBB591EE420E400915720 /* libRCTVibration.a in Frameworks */ = {isa = PBXBuildFile; fileRef = E99BBAF91EE4205000915720 /* libRCTVibration.a */; };
		E99BBB5A1EE420E900915720 /* libRCTWebSocket.a in Frameworks */ = {isa = PBXBuildFile; fileRef = E99BBB001EE4205500915720 /* libRCTWebSocket.a */; };
		E99BBB5B1EE420F400915720 /* libRCTWKWebView.a in Frameworks */ = {isa = PBXBuildFile; fileRef = E99BBB081EE4205900915720 /* libRCTWKWebView.a */; };
		E99BBB5C1EE420FB00915720 /* libReactNativeNavigation.a in Frameworks */ = {isa = PBXBuildFile; fileRef = E99BBB1A1EE4207300915720 /* libReactNativeNavigation.a */; };
		E99BBB7D1EE4227100915720 /* LaunchScreen.xib in Resources */ = {isa = PBXBuildFile; fileRef = E99BBB7B1EE4227100915720 /* LaunchScreen.xib */; };
/* End PBXBuildFile section */

/* Begin PBXContainerItemProxy section */
		E99BBA011EE411AA00915720 /* PBXContainerItemProxy */ = {
			isa = PBXContainerItemProxy;
			containerPortal = E99BB9E41EE411AA00915720 /* Project object */;
			proxyType = 1;
			remoteGlobalIDString = E99BB9EB1EE411AA00915720;
			remoteInfo = Nabi;
		};
		E99BBA0C1EE411AA00915720 /* PBXContainerItemProxy */ = {
			isa = PBXContainerItemProxy;
			containerPortal = E99BB9E41EE411AA00915720 /* Project object */;
			proxyType = 1;
			remoteGlobalIDString = E99BB9EB1EE411AA00915720;
			remoteInfo = Nabi;
		};
		E99BBAA21EE41FEA00915720 /* PBXContainerItemProxy */ = {
			isa = PBXContainerItemProxy;
			containerPortal = E99BBA971EE41FEA00915720 /* React.xcodeproj */;
			proxyType = 2;
			remoteGlobalIDString = 83CBBA2E1A601D0E00E9B192;
			remoteInfo = React;
		};
		E99BBAA41EE41FEA00915720 /* PBXContainerItemProxy */ = {
			isa = PBXContainerItemProxy;
			containerPortal = E99BBA971EE41FEA00915720 /* React.xcodeproj */;
			proxyType = 2;
			remoteGlobalIDString = 2D2A28131D9B038B00D4039D;
			remoteInfo = "React-tvOS";
		};
		E99BBAA61EE41FEA00915720 /* PBXContainerItemProxy */ = {
			isa = PBXContainerItemProxy;
			containerPortal = E99BBA971EE41FEA00915720 /* React.xcodeproj */;
			proxyType = 2;
			remoteGlobalIDString = 3D3C059A1DE3340900C268FA;
			remoteInfo = yoga;
		};
		E99BBAA81EE41FEA00915720 /* PBXContainerItemProxy */ = {
			isa = PBXContainerItemProxy;
			containerPortal = E99BBA971EE41FEA00915720 /* React.xcodeproj */;
			proxyType = 2;
			remoteGlobalIDString = 3D3C06751DE3340C00C268FA;
			remoteInfo = "yoga-tvOS";
		};
		E99BBAAA1EE41FEA00915720 /* PBXContainerItemProxy */ = {
			isa = PBXContainerItemProxy;
			containerPortal = E99BBA971EE41FEA00915720 /* React.xcodeproj */;
			proxyType = 2;
			remoteGlobalIDString = 3D3CD9251DE5FBEC00167DC4;
			remoteInfo = cxxreact;
		};
		E99BBAAC1EE41FEA00915720 /* PBXContainerItemProxy */ = {
			isa = PBXContainerItemProxy;
			containerPortal = E99BBA971EE41FEA00915720 /* React.xcodeproj */;
			proxyType = 2;
			remoteGlobalIDString = 3D3CD9321DE5FBEE00167DC4;
			remoteInfo = "cxxreact-tvOS";
		};
		E99BBAAE1EE41FEA00915720 /* PBXContainerItemProxy */ = {
			isa = PBXContainerItemProxy;
			containerPortal = E99BBA971EE41FEA00915720 /* React.xcodeproj */;
			proxyType = 2;
			remoteGlobalIDString = 3D3CD90B1DE5FBD600167DC4;
			remoteInfo = jschelpers;
		};
		E99BBAB01EE41FEA00915720 /* PBXContainerItemProxy */ = {
			isa = PBXContainerItemProxy;
			containerPortal = E99BBA971EE41FEA00915720 /* React.xcodeproj */;
			proxyType = 2;
			remoteGlobalIDString = 3D3CD9181DE5FBD800167DC4;
			remoteInfo = "jschelpers-tvOS";
		};
		E99BBAB61EE4200A00915720 /* PBXContainerItemProxy */ = {
			isa = PBXContainerItemProxy;
			containerPortal = E99BBAB21EE4200A00915720 /* RCTActionSheet.xcodeproj */;
			proxyType = 2;
			remoteGlobalIDString = 134814201AA4EA6300B7C361;
			remoteInfo = RCTActionSheet;
		};
		E99BBABD1EE4201E00915720 /* PBXContainerItemProxy */ = {
			isa = PBXContainerItemProxy;
			containerPortal = E99BBAB81EE4201E00915720 /* RCTAnimation.xcodeproj */;
			proxyType = 2;
			remoteGlobalIDString = 134814201AA4EA6300B7C361;
			remoteInfo = RCTAnimation;
		};
		E99BBABF1EE4201E00915720 /* PBXContainerItemProxy */ = {
			isa = PBXContainerItemProxy;
			containerPortal = E99BBAB81EE4201E00915720 /* RCTAnimation.xcodeproj */;
			proxyType = 2;
			remoteGlobalIDString = 2D2A28201D9B03D100D4039D;
			remoteInfo = "RCTAnimation-tvOS";
		};
		E99BBAC51EE4202500915720 /* PBXContainerItemProxy */ = {
			isa = PBXContainerItemProxy;
			containerPortal = E99BBAC11EE4202500915720 /* RCTGeolocation.xcodeproj */;
			proxyType = 2;
			remoteGlobalIDString = 134814201AA4EA6300B7C361;
			remoteInfo = RCTGeolocation;
		};
		E99BBACC1EE4202B00915720 /* PBXContainerItemProxy */ = {
			isa = PBXContainerItemProxy;
			containerPortal = E99BBAC71EE4202B00915720 /* RCTImage.xcodeproj */;
			proxyType = 2;
			remoteGlobalIDString = 58B5115D1A9E6B3D00147676;
			remoteInfo = RCTImage;
		};
		E99BBACE1EE4202B00915720 /* PBXContainerItemProxy */ = {
			isa = PBXContainerItemProxy;
			containerPortal = E99BBAC71EE4202B00915720 /* RCTImage.xcodeproj */;
			proxyType = 2;
			remoteGlobalIDString = 2D2A283A1D9B042B00D4039D;
			remoteInfo = "RCTImage-tvOS";
		};
		E99BBAD51EE4203500915720 /* PBXContainerItemProxy */ = {
			isa = PBXContainerItemProxy;
			containerPortal = E99BBAD01EE4203500915720 /* RCTLinking.xcodeproj */;
			proxyType = 2;
			remoteGlobalIDString = 134814201AA4EA6300B7C361;
			remoteInfo = RCTLinking;
		};
		E99BBAD71EE4203500915720 /* PBXContainerItemProxy */ = {
			isa = PBXContainerItemProxy;
			containerPortal = E99BBAD01EE4203500915720 /* RCTLinking.xcodeproj */;
			proxyType = 2;
			remoteGlobalIDString = 2D2A28471D9B043800D4039D;
			remoteInfo = "RCTLinking-tvOS";
		};
		E99BBADE1EE4203B00915720 /* PBXContainerItemProxy */ = {
			isa = PBXContainerItemProxy;
			containerPortal = E99BBAD91EE4203B00915720 /* RCTNetwork.xcodeproj */;
			proxyType = 2;
			remoteGlobalIDString = 58B511DB1A9E6C8500147676;
			remoteInfo = RCTNetwork;
		};
		E99BBAE01EE4203B00915720 /* PBXContainerItemProxy */ = {
			isa = PBXContainerItemProxy;
			containerPortal = E99BBAD91EE4203B00915720 /* RCTNetwork.xcodeproj */;
			proxyType = 2;
			remoteGlobalIDString = 2D2A28541D9B044C00D4039D;
			remoteInfo = "RCTNetwork-tvOS";
		};
		E99BBAE71EE4204700915720 /* PBXContainerItemProxy */ = {
			isa = PBXContainerItemProxy;
			containerPortal = E99BBAE21EE4204700915720 /* RCTSettings.xcodeproj */;
			proxyType = 2;
			remoteGlobalIDString = 134814201AA4EA6300B7C361;
			remoteInfo = RCTSettings;
		};
		E99BBAE91EE4204700915720 /* PBXContainerItemProxy */ = {
			isa = PBXContainerItemProxy;
			containerPortal = E99BBAE21EE4204700915720 /* RCTSettings.xcodeproj */;
			proxyType = 2;
			remoteGlobalIDString = 2D2A28611D9B046600D4039D;
			remoteInfo = "RCTSettings-tvOS";
		};
		E99BBAF01EE4204D00915720 /* PBXContainerItemProxy */ = {
			isa = PBXContainerItemProxy;
			containerPortal = E99BBAEB1EE4204D00915720 /* RCTText.xcodeproj */;
			proxyType = 2;
			remoteGlobalIDString = 58B5119B1A9E6C1200147676;
			remoteInfo = RCTText;
		};
		E99BBAF21EE4204D00915720 /* PBXContainerItemProxy */ = {
			isa = PBXContainerItemProxy;
			containerPortal = E99BBAEB1EE4204D00915720 /* RCTText.xcodeproj */;
			proxyType = 2;
			remoteGlobalIDString = 2D2A287B1D9B048500D4039D;
			remoteInfo = "RCTText-tvOS";
		};
		E99BBAF81EE4205000915720 /* PBXContainerItemProxy */ = {
			isa = PBXContainerItemProxy;
			containerPortal = E99BBAF41EE4205000915720 /* RCTVibration.xcodeproj */;
			proxyType = 2;
			remoteGlobalIDString = 832C81801AAF6DEF007FA2F7;
			remoteInfo = RCTVibration;
		};
		E99BBAFF1EE4205500915720 /* PBXContainerItemProxy */ = {
			isa = PBXContainerItemProxy;
			containerPortal = E99BBAFA1EE4205400915720 /* RCTWebSocket.xcodeproj */;
			proxyType = 2;
			remoteGlobalIDString = 3C86DF461ADF2C930047B81A;
			remoteInfo = RCTWebSocket;
		};
		E99BBB011EE4205500915720 /* PBXContainerItemProxy */ = {
			isa = PBXContainerItemProxy;
			containerPortal = E99BBAFA1EE4205400915720 /* RCTWebSocket.xcodeproj */;
			proxyType = 2;
			remoteGlobalIDString = 2D2A28881D9B049200D4039D;
			remoteInfo = "RCTWebSocket-tvOS";
		};
		E99BBB071EE4205900915720 /* PBXContainerItemProxy */ = {
			isa = PBXContainerItemProxy;
			containerPortal = E99BBB031EE4205900915720 /* RCTWKWebView.xcodeproj */;
			proxyType = 2;
			remoteGlobalIDString = 0974579A1D2A440A000D9368;
			remoteInfo = RCTWKWebView;
		};
		E99BBB191EE4207300915720 /* PBXContainerItemProxy */ = {
			isa = PBXContainerItemProxy;
			containerPortal = E99BBB151EE4207200915720 /* ReactNativeNavigation.xcodeproj */;
			proxyType = 2;
			remoteGlobalIDString = D8AFADBD1BEE6F3F00A4592D;
			remoteInfo = ReactNativeNavigation;
		};
/* End PBXContainerItemProxy section */

/* Begin PBXFileReference section */
		E91D41401EE4233F009BE67F /* web */ = {isa = PBXFileReference; lastKnownFileType = folder; name = web; path = ../web; sourceTree = "<group>"; };
		E91D41871EE4241F009BE67F /* NSURLProtocol+WKWebViewSupport.h */ = {isa = PBXFileReference; fileEncoding = 4; lastKnownFileType = sourcecode.c.h; path = "NSURLProtocol+WKWebViewSupport.h"; sourceTree = "<group>"; };
		E91D41881EE4241F009BE67F /* NSURLProtocol+WKWebViewSupport.m */ = {isa = PBXFileReference; fileEncoding = 4; lastKnownFileType = sourcecode.c.objc; path = "NSURLProtocol+WKWebViewSupport.m"; sourceTree = "<group>"; };
		E91D41BF1EE42AD6009BE67F /* AppProtocol.swift */ = {isa = PBXFileReference; fileEncoding = 4; lastKnownFileType = sourcecode.swift; path = AppProtocol.swift; sourceTree = "<group>"; };
		E99BB9EC1EE411AA00915720 /* Nabi.app */ = {isa = PBXFileReference; explicitFileType = wrapper.application; includeInIndex = 0; path = Nabi.app; sourceTree = BUILT_PRODUCTS_DIR; };
		E99BB9EF1EE411AA00915720 /* AppDelegate.swift */ = {isa = PBXFileReference; lastKnownFileType = sourcecode.swift; path = AppDelegate.swift; sourceTree = "<group>"; };
		E99BB9F61EE411AA00915720 /* Assets.xcassets */ = {isa = PBXFileReference; lastKnownFileType = folder.assetcatalog; path = Assets.xcassets; sourceTree = "<group>"; };
		E99BB9FB1EE411AA00915720 /* Info.plist */ = {isa = PBXFileReference; lastKnownFileType = text.plist.xml; path = Info.plist; sourceTree = "<group>"; };
		E99BBA001EE411AA00915720 /* NabiTests.xctest */ = {isa = PBXFileReference; explicitFileType = wrapper.cfbundle; includeInIndex = 0; path = NabiTests.xctest; sourceTree = BUILT_PRODUCTS_DIR; };
		E99BBA041EE411AA00915720 /* NabiTests.swift */ = {isa = PBXFileReference; lastKnownFileType = sourcecode.swift; path = NabiTests.swift; sourceTree = "<group>"; };
		E99BBA061EE411AA00915720 /* Info.plist */ = {isa = PBXFileReference; lastKnownFileType = text.plist.xml; path = Info.plist; sourceTree = "<group>"; };
		E99BBA0B1EE411AA00915720 /* NabiUITests.xctest */ = {isa = PBXFileReference; explicitFileType = wrapper.cfbundle; includeInIndex = 0; path = NabiUITests.xctest; sourceTree = BUILT_PRODUCTS_DIR; };
		E99BBA0F1EE411AA00915720 /* NabiUITests.swift */ = {isa = PBXFileReference; lastKnownFileType = sourcecode.swift; path = NabiUITests.swift; sourceTree = "<group>"; };
		E99BBA111EE411AA00915720 /* Info.plist */ = {isa = PBXFileReference; lastKnownFileType = text.plist.xml; path = Info.plist; sourceTree = "<group>"; };
		E99BBA391EE4133900915720 /* Nabi-Bridging-Header.h */ = {isa = PBXFileReference; lastKnownFileType = sourcecode.c.h; path = "Nabi-Bridging-Header.h"; sourceTree = "<group>"; };
		E99BBA3E1EE4135900915720 /* WebKit.framework */ = {isa = PBXFileReference; lastKnownFileType = wrapper.framework; name = WebKit.framework; path = System/Library/Frameworks/WebKit.framework; sourceTree = SDKROOT; };
		E99BBA971EE41FEA00915720 /* React.xcodeproj */ = {isa = PBXFileReference; lastKnownFileType = "wrapper.pb-project"; name = React.xcodeproj; path = "../node_modules/react-native/React/React.xcodeproj"; sourceTree = "<group>"; };
		E99BBAB21EE4200A00915720 /* RCTActionSheet.xcodeproj */ = {isa = PBXFileReference; lastKnownFileType = "wrapper.pb-project"; name = RCTActionSheet.xcodeproj; path = "../node_modules/react-native/Libraries/ActionSheetIOS/RCTActionSheet.xcodeproj"; sourceTree = "<group>"; };
		E99BBAB81EE4201E00915720 /* RCTAnimation.xcodeproj */ = {isa = PBXFileReference; lastKnownFileType = "wrapper.pb-project"; name = RCTAnimation.xcodeproj; path = "../node_modules/react-native/Libraries/NativeAnimation/RCTAnimation.xcodeproj"; sourceTree = "<group>"; };
		E99BBAC11EE4202500915720 /* RCTGeolocation.xcodeproj */ = {isa = PBXFileReference; lastKnownFileType = "wrapper.pb-project"; name = RCTGeolocation.xcodeproj; path = "../node_modules/react-native/Libraries/Geolocation/RCTGeolocation.xcodeproj"; sourceTree = "<group>"; };
		E99BBAC71EE4202B00915720 /* RCTImage.xcodeproj */ = {isa = PBXFileReference; lastKnownFileType = "wrapper.pb-project"; name = RCTImage.xcodeproj; path = "../node_modules/react-native/Libraries/Image/RCTImage.xcodeproj"; sourceTree = "<group>"; };
		E99BBAD01EE4203500915720 /* RCTLinking.xcodeproj */ = {isa = PBXFileReference; lastKnownFileType = "wrapper.pb-project"; name = RCTLinking.xcodeproj; path = "../node_modules/react-native/Libraries/LinkingIOS/RCTLinking.xcodeproj"; sourceTree = "<group>"; };
		E99BBAD91EE4203B00915720 /* RCTNetwork.xcodeproj */ = {isa = PBXFileReference; lastKnownFileType = "wrapper.pb-project"; name = RCTNetwork.xcodeproj; path = "../node_modules/react-native/Libraries/Network/RCTNetwork.xcodeproj"; sourceTree = "<group>"; };
		E99BBAE21EE4204700915720 /* RCTSettings.xcodeproj */ = {isa = PBXFileReference; lastKnownFileType = "wrapper.pb-project"; name = RCTSettings.xcodeproj; path = "../node_modules/react-native/Libraries/Settings/RCTSettings.xcodeproj"; sourceTree = "<group>"; };
		E99BBAEB1EE4204D00915720 /* RCTText.xcodeproj */ = {isa = PBXFileReference; lastKnownFileType = "wrapper.pb-project"; name = RCTText.xcodeproj; path = "../node_modules/react-native/Libraries/Text/RCTText.xcodeproj"; sourceTree = "<group>"; };
		E99BBAF41EE4205000915720 /* RCTVibration.xcodeproj */ = {isa = PBXFileReference; lastKnownFileType = "wrapper.pb-project"; name = RCTVibration.xcodeproj; path = "../node_modules/react-native/Libraries/Vibration/RCTVibration.xcodeproj"; sourceTree = "<group>"; };
		E99BBAFA1EE4205400915720 /* RCTWebSocket.xcodeproj */ = {isa = PBXFileReference; lastKnownFileType = "wrapper.pb-project"; name = RCTWebSocket.xcodeproj; path = "../node_modules/react-native/Libraries/WebSocket/RCTWebSocket.xcodeproj"; sourceTree = "<group>"; };
		E99BBB031EE4205900915720 /* RCTWKWebView.xcodeproj */ = {isa = PBXFileReference; lastKnownFileType = "wrapper.pb-project"; name = RCTWKWebView.xcodeproj; path = "../node_modules/react-native-wkwebview-reborn/ios/RCTWKWebView.xcodeproj"; sourceTree = "<group>"; };
		E99BBB151EE4207200915720 /* ReactNativeNavigation.xcodeproj */ = {isa = PBXFileReference; lastKnownFileType = "wrapper.pb-project"; name = ReactNativeNavigation.xcodeproj; path = "../node_modules/react-native-navigation/ios/ReactNativeNavigation.xcodeproj"; sourceTree = "<group>"; };
		E99BBB7C1EE4227100915720 /* Base */ = {isa = PBXFileReference; lastKnownFileType = file.xib; name = Base; path = Base.lproj/LaunchScreen.xib; sourceTree = "<group>"; };
/* End PBXFileReference section */

/* Begin PBXFrameworksBuildPhase section */
		E99BB9E91EE411AA00915720 /* Frameworks */ = {
			isa = PBXFrameworksBuildPhase;
			buildActionMask = 2147483647;
			files = (
				E99BBA3F1EE4135900915720 /* WebKit.framework in Frameworks */,
				E99BBB301EE420A600915720 /* libReact.a in Frameworks */,
				E99BBB511EE420B100915720 /* libRCTActionSheet.a in Frameworks */,
				E99BBB521EE420B600915720 /* libRCTAnimation.a in Frameworks */,
				E99BBB531EE420BC00915720 /* libRCTGeolocation.a in Frameworks */,
				E99BBB541EE420C200915720 /* libRCTImage.a in Frameworks */,
				E99BBB551EE420C700915720 /* libRCTLinking.a in Frameworks */,
				E99BBB561EE420D400915720 /* libRCTNetwork.a in Frameworks */,
				E99BBB571EE420D800915720 /* libRCTSettings.a in Frameworks */,
				E99BBB581EE420DF00915720 /* libRCTText.a in Frameworks */,
				E99BBB591EE420E400915720 /* libRCTVibration.a in Frameworks */,
				E99BBB5A1EE420E900915720 /* libRCTWebSocket.a in Frameworks */,
				E99BBB5B1EE420F400915720 /* libRCTWKWebView.a in Frameworks */,
				E99BBB5C1EE420FB00915720 /* libReactNativeNavigation.a in Frameworks */,
			);
			runOnlyForDeploymentPostprocessing = 0;
		};
		E99BB9FD1EE411AA00915720 /* Frameworks */ = {
			isa = PBXFrameworksBuildPhase;
			buildActionMask = 2147483647;
			files = (
			);
			runOnlyForDeploymentPostprocessing = 0;
		};
		E99BBA081EE411AA00915720 /* Frameworks */ = {
			isa = PBXFrameworksBuildPhase;
			buildActionMask = 2147483647;
			files = (
			);
			runOnlyForDeploymentPostprocessing = 0;
		};
/* End PBXFrameworksBuildPhase section */

/* Begin PBXGroup section */
		E91D41851EE4241F009BE67F /* Vendor */ = {
			isa = PBXGroup;
			children = (
				E91D41861EE4241F009BE67F /* WKWebViewWithURLProtocol */,
			);
			path = Vendor;
			sourceTree = "<group>";
		};
		E91D41861EE4241F009BE67F /* WKWebViewWithURLProtocol */ = {
			isa = PBXGroup;
			children = (
				E91D41871EE4241F009BE67F /* NSURLProtocol+WKWebViewSupport.h */,
				E91D41881EE4241F009BE67F /* NSURLProtocol+WKWebViewSupport.m */,
			);
			path = WKWebViewWithURLProtocol;
			sourceTree = "<group>";
		};
		E99BB9E31EE411AA00915720 = {
			isa = PBXGroup;
			children = (
				E99BB9EE1EE411AA00915720 /* Nabi */,
				E91D41401EE4233F009BE67F /* web */,
				E91D41851EE4241F009BE67F /* Vendor */,
				E99BBA031EE411AA00915720 /* NabiTests */,
				E99BBA0E1EE411AA00915720 /* NabiUITests */,
				E99BBA961EE41FCC00915720 /* Libraries */,
				E99BB9ED1EE411AA00915720 /* Products */,
				E99BBA3D1EE4135900915720 /* Frameworks */,
			);
			sourceTree = "<group>";
		};
		E99BB9ED1EE411AA00915720 /* Products */ = {
			isa = PBXGroup;
			children = (
				E99BB9EC1EE411AA00915720 /* Nabi.app */,
				E99BBA001EE411AA00915720 /* NabiTests.xctest */,
				E99BBA0B1EE411AA00915720 /* NabiUITests.xctest */,
			);
			name = Products;
			sourceTree = "<group>";
		};
		E99BB9EE1EE411AA00915720 /* Nabi */ = {
			isa = PBXGroup;
			children = (
				E99BB9EF1EE411AA00915720 /* AppDelegate.swift */,
				E91D41BF1EE42AD6009BE67F /* AppProtocol.swift */,
				E99BB9F61EE411AA00915720 /* Assets.xcassets */,
				E99BBB7B1EE4227100915720 /* LaunchScreen.xib */,
				E99BB9FB1EE411AA00915720 /* Info.plist */,
				E99BBA391EE4133900915720 /* Nabi-Bridging-Header.h */,
			);
			path = Nabi;
			sourceTree = "<group>";
		};
		E99BBA031EE411AA00915720 /* NabiTests */ = {
			isa = PBXGroup;
			children = (
				E99BBA041EE411AA00915720 /* NabiTests.swift */,
				E99BBA061EE411AA00915720 /* Info.plist */,
			);
			path = NabiTests;
			sourceTree = "<group>";
		};
		E99BBA0E1EE411AA00915720 /* NabiUITests */ = {
			isa = PBXGroup;
			children = (
				E99BBA0F1EE411AA00915720 /* NabiUITests.swift */,
				E99BBA111EE411AA00915720 /* Info.plist */,
			);
			path = NabiUITests;
			sourceTree = "<group>";
		};
		E99BBA3D1EE4135900915720 /* Frameworks */ = {
			isa = PBXGroup;
			children = (
				E99BBA3E1EE4135900915720 /* WebKit.framework */,
			);
			name = Frameworks;
			sourceTree = "<group>";
		};
		E99BBA961EE41FCC00915720 /* Libraries */ = {
			isa = PBXGroup;
			children = (
				E99BBA971EE41FEA00915720 /* React.xcodeproj */,
				E99BBAB21EE4200A00915720 /* RCTActionSheet.xcodeproj */,
				E99BBAB81EE4201E00915720 /* RCTAnimation.xcodeproj */,
				E99BBAC11EE4202500915720 /* RCTGeolocation.xcodeproj */,
				E99BBAC71EE4202B00915720 /* RCTImage.xcodeproj */,
				E99BBAD01EE4203500915720 /* RCTLinking.xcodeproj */,
				E99BBAD91EE4203B00915720 /* RCTNetwork.xcodeproj */,
				E99BBAE21EE4204700915720 /* RCTSettings.xcodeproj */,
				E99BBAEB1EE4204D00915720 /* RCTText.xcodeproj */,
				E99BBAF41EE4205000915720 /* RCTVibration.xcodeproj */,
				E99BBAFA1EE4205400915720 /* RCTWebSocket.xcodeproj */,
				E99BBB031EE4205900915720 /* RCTWKWebView.xcodeproj */,
				E99BBB151EE4207200915720 /* ReactNativeNavigation.xcodeproj */,
			);
			name = Libraries;
			sourceTree = "<group>";
		};
		E99BBA981EE41FEA00915720 /* Products */ = {
			isa = PBXGroup;
			children = (
				E99BBAA31EE41FEA00915720 /* libReact.a */,
				E99BBAA51EE41FEA00915720 /* libReact.a */,
				E99BBAA71EE41FEA00915720 /* libyoga.a */,
				E99BBAA91EE41FEA00915720 /* libyoga.a */,
				E99BBAAB1EE41FEA00915720 /* libcxxreact.a */,
				E99BBAAD1EE41FEA00915720 /* libcxxreact.a */,
				E99BBAAF1EE41FEA00915720 /* libjschelpers.a */,
				E99BBAB11EE41FEA00915720 /* libjschelpers.a */,
			);
			name = Products;
			sourceTree = "<group>";
		};
		E99BBAB31EE4200A00915720 /* Products */ = {
			isa = PBXGroup;
			children = (
				E99BBAB71EE4200A00915720 /* libRCTActionSheet.a */,
			);
			name = Products;
			sourceTree = "<group>";
		};
		E99BBAB91EE4201E00915720 /* Products */ = {
			isa = PBXGroup;
			children = (
				E99BBABE1EE4201E00915720 /* libRCTAnimation.a */,
				E99BBAC01EE4201E00915720 /* libRCTAnimation.a */,
			);
			name = Products;
			sourceTree = "<group>";
		};
		E99BBAC21EE4202500915720 /* Products */ = {
			isa = PBXGroup;
			children = (
				E99BBAC61EE4202500915720 /* libRCTGeolocation.a */,
			);
			name = Products;
			sourceTree = "<group>";
		};
		E99BBAC81EE4202B00915720 /* Products */ = {
			isa = PBXGroup;
			children = (
				E99BBACD1EE4202B00915720 /* libRCTImage.a */,
				E99BBACF1EE4202B00915720 /* libRCTImage-tvOS.a */,
			);
			name = Products;
			sourceTree = "<group>";
		};
		E99BBAD11EE4203500915720 /* Products */ = {
			isa = PBXGroup;
			children = (
				E99BBAD61EE4203500915720 /* libRCTLinking.a */,
				E99BBAD81EE4203500915720 /* libRCTLinking-tvOS.a */,
			);
			name = Products;
			sourceTree = "<group>";
		};
		E99BBADA1EE4203B00915720 /* Products */ = {
			isa = PBXGroup;
			children = (
				E99BBADF1EE4203B00915720 /* libRCTNetwork.a */,
				E99BBAE11EE4203B00915720 /* libRCTNetwork-tvOS.a */,
			);
			name = Products;
			sourceTree = "<group>";
		};
		E99BBAE31EE4204700915720 /* Products */ = {
			isa = PBXGroup;
			children = (
				E99BBAE81EE4204700915720 /* libRCTSettings.a */,
				E99BBAEA1EE4204700915720 /* libRCTSettings-tvOS.a */,
			);
			name = Products;
			sourceTree = "<group>";
		};
		E99BBAEC1EE4204D00915720 /* Products */ = {
			isa = PBXGroup;
			children = (
				E99BBAF11EE4204D00915720 /* libRCTText.a */,
				E99BBAF31EE4204D00915720 /* libRCTText-tvOS.a */,
			);
			name = Products;
			sourceTree = "<group>";
		};
		E99BBAF51EE4205000915720 /* Products */ = {
			isa = PBXGroup;
			children = (
				E99BBAF91EE4205000915720 /* libRCTVibration.a */,
			);
			name = Products;
			sourceTree = "<group>";
		};
		E99BBAFB1EE4205400915720 /* Products */ = {
			isa = PBXGroup;
			children = (
				E99BBB001EE4205500915720 /* libRCTWebSocket.a */,
				E99BBB021EE4205500915720 /* libRCTWebSocket-tvOS.a */,
			);
			name = Products;
			sourceTree = "<group>";
		};
		E99BBB041EE4205900915720 /* Products */ = {
			isa = PBXGroup;
			children = (
				E99BBB081EE4205900915720 /* libRCTWKWebView.a */,
			);
			name = Products;
			sourceTree = "<group>";
		};
		E99BBB161EE4207200915720 /* Products */ = {
			isa = PBXGroup;
			children = (
				E99BBB1A1EE4207300915720 /* libReactNativeNavigation.a */,
			);
			name = Products;
			sourceTree = "<group>";
		};
/* End PBXGroup section */

/* Begin PBXNativeTarget section */
		E99BB9EB1EE411AA00915720 /* Nabi */ = {
			isa = PBXNativeTarget;
			buildConfigurationList = E99BBA141EE411AA00915720 /* Build configuration list for PBXNativeTarget "Nabi" */;
			buildPhases = (
				E99BB9E81EE411AA00915720 /* Sources */,
				E99BB9E91EE411AA00915720 /* Frameworks */,
				E99BB9EA1EE411AA00915720 /* Resources */,
				E99BBB5D1EE4210E00915720 /* Bundle React Native code and images */,
			);
			buildRules = (
			);
			dependencies = (
			);
			name = Nabi;
			productName = Nabi;
			productReference = E99BB9EC1EE411AA00915720 /* Nabi.app */;
			productType = "com.apple.product-type.application";
		};
		E99BB9FF1EE411AA00915720 /* NabiTests */ = {
			isa = PBXNativeTarget;
			buildConfigurationList = E99BBA171EE411AA00915720 /* Build configuration list for PBXNativeTarget "NabiTests" */;
			buildPhases = (
				E99BB9FC1EE411AA00915720 /* Sources */,
				E99BB9FD1EE411AA00915720 /* Frameworks */,
				E99BB9FE1EE411AA00915720 /* Resources */,
			);
			buildRules = (
			);
			dependencies = (
				E99BBA021EE411AA00915720 /* PBXTargetDependency */,
			);
			name = NabiTests;
			productName = NabiTests;
			productReference = E99BBA001EE411AA00915720 /* NabiTests.xctest */;
			productType = "com.apple.product-type.bundle.unit-test";
		};
		E99BBA0A1EE411AA00915720 /* NabiUITests */ = {
			isa = PBXNativeTarget;
			buildConfigurationList = E99BBA1A1EE411AA00915720 /* Build configuration list for PBXNativeTarget "NabiUITests" */;
			buildPhases = (
				E99BBA071EE411AA00915720 /* Sources */,
				E99BBA081EE411AA00915720 /* Frameworks */,
				E99BBA091EE411AA00915720 /* Resources */,
			);
			buildRules = (
			);
			dependencies = (
				E99BBA0D1EE411AA00915720 /* PBXTargetDependency */,
			);
			name = NabiUITests;
			productName = NabiUITests;
			productReference = E99BBA0B1EE411AA00915720 /* NabiUITests.xctest */;
			productType = "com.apple.product-type.bundle.ui-testing";
		};
/* End PBXNativeTarget section */

/* Begin PBXProject section */
		E99BB9E41EE411AA00915720 /* Project object */ = {
			isa = PBXProject;
			attributes = {
				LastSwiftUpdateCheck = 0830;
				LastUpgradeCheck = 0830;
				ORGANIZATIONNAME = "Peter Jihoon Kim";
				TargetAttributes = {
					E99BB9EB1EE411AA00915720 = {
						CreatedOnToolsVersion = 8.3.2;
						DevelopmentTeam = 3K6TZ9NCHM;
						LastSwiftMigration = 0830;
						ProvisioningStyle = Automatic;
					};
					E99BB9FF1EE411AA00915720 = {
						CreatedOnToolsVersion = 8.3.2;
						DevelopmentTeam = 3K6TZ9NCHM;
						ProvisioningStyle = Automatic;
						TestTargetID = E99BB9EB1EE411AA00915720;
					};
					E99BBA0A1EE411AA00915720 = {
						CreatedOnToolsVersion = 8.3.2;
						DevelopmentTeam = 3K6TZ9NCHM;
						ProvisioningStyle = Automatic;
						TestTargetID = E99BB9EB1EE411AA00915720;
					};
				};
			};
			buildConfigurationList = E99BB9E71EE411AA00915720 /* Build configuration list for PBXProject "Nabi" */;
			compatibilityVersion = "Xcode 3.2";
			developmentRegion = English;
			hasScannedForEncodings = 0;
			knownRegions = (
				en,
				Base,
			);
			mainGroup = E99BB9E31EE411AA00915720;
			productRefGroup = E99BB9ED1EE411AA00915720 /* Products */;
			projectDirPath = "";
			projectReferences = (
				{
					ProductGroup = E99BBAB31EE4200A00915720 /* Products */;
					ProjectRef = E99BBAB21EE4200A00915720 /* RCTActionSheet.xcodeproj */;
				},
				{
					ProductGroup = E99BBAB91EE4201E00915720 /* Products */;
					ProjectRef = E99BBAB81EE4201E00915720 /* RCTAnimation.xcodeproj */;
				},
				{
					ProductGroup = E99BBAC21EE4202500915720 /* Products */;
					ProjectRef = E99BBAC11EE4202500915720 /* RCTGeolocation.xcodeproj */;
				},
				{
					ProductGroup = E99BBAC81EE4202B00915720 /* Products */;
					ProjectRef = E99BBAC71EE4202B00915720 /* RCTImage.xcodeproj */;
				},
				{
					ProductGroup = E99BBAD11EE4203500915720 /* Products */;
					ProjectRef = E99BBAD01EE4203500915720 /* RCTLinking.xcodeproj */;
				},
				{
					ProductGroup = E99BBADA1EE4203B00915720 /* Products */;
					ProjectRef = E99BBAD91EE4203B00915720 /* RCTNetwork.xcodeproj */;
				},
				{
					ProductGroup = E99BBAE31EE4204700915720 /* Products */;
					ProjectRef = E99BBAE21EE4204700915720 /* RCTSettings.xcodeproj */;
				},
				{
					ProductGroup = E99BBAEC1EE4204D00915720 /* Products */;
					ProjectRef = E99BBAEB1EE4204D00915720 /* RCTText.xcodeproj */;
				},
				{
					ProductGroup = E99BBAF51EE4205000915720 /* Products */;
					ProjectRef = E99BBAF41EE4205000915720 /* RCTVibration.xcodeproj */;
				},
				{
					ProductGroup = E99BBAFB1EE4205400915720 /* Products */;
					ProjectRef = E99BBAFA1EE4205400915720 /* RCTWebSocket.xcodeproj */;
				},
				{
					ProductGroup = E99BBB041EE4205900915720 /* Products */;
					ProjectRef = E99BBB031EE4205900915720 /* RCTWKWebView.xcodeproj */;
				},
				{
					ProductGroup = E99BBA981EE41FEA00915720 /* Products */;
					ProjectRef = E99BBA971EE41FEA00915720 /* React.xcodeproj */;
				},
				{
					ProductGroup = E99BBB161EE4207200915720 /* Products */;
					ProjectRef = E99BBB151EE4207200915720 /* ReactNativeNavigation.xcodeproj */;
				},
			);
			projectRoot = "";
			targets = (
				E99BB9EB1EE411AA00915720 /* Nabi */,
				E99BB9FF1EE411AA00915720 /* NabiTests */,
				E99BBA0A1EE411AA00915720 /* NabiUITests */,
			);
		};
/* End PBXProject section */

/* Begin PBXReferenceProxy section */
		E99BBAA31EE41FEA00915720 /* libReact.a */ = {
			isa = PBXReferenceProxy;
			fileType = archive.ar;
			path = libReact.a;
			remoteRef = E99BBAA21EE41FEA00915720 /* PBXContainerItemProxy */;
			sourceTree = BUILT_PRODUCTS_DIR;
		};
		E99BBAA51EE41FEA00915720 /* libReact.a */ = {
			isa = PBXReferenceProxy;
			fileType = archive.ar;
			path = libReact.a;
			remoteRef = E99BBAA41EE41FEA00915720 /* PBXContainerItemProxy */;
			sourceTree = BUILT_PRODUCTS_DIR;
		};
		E99BBAA71EE41FEA00915720 /* libyoga.a */ = {
			isa = PBXReferenceProxy;
			fileType = archive.ar;
			path = libyoga.a;
			remoteRef = E99BBAA61EE41FEA00915720 /* PBXContainerItemProxy */;
			sourceTree = BUILT_PRODUCTS_DIR;
		};
		E99BBAA91EE41FEA00915720 /* libyoga.a */ = {
			isa = PBXReferenceProxy;
			fileType = archive.ar;
			path = libyoga.a;
			remoteRef = E99BBAA81EE41FEA00915720 /* PBXContainerItemProxy */;
			sourceTree = BUILT_PRODUCTS_DIR;
		};
		E99BBAAB1EE41FEA00915720 /* libcxxreact.a */ = {
			isa = PBXReferenceProxy;
			fileType = archive.ar;
			path = libcxxreact.a;
			remoteRef = E99BBAAA1EE41FEA00915720 /* PBXContainerItemProxy */;
			sourceTree = BUILT_PRODUCTS_DIR;
		};
		E99BBAAD1EE41FEA00915720 /* libcxxreact.a */ = {
			isa = PBXReferenceProxy;
			fileType = archive.ar;
			path = libcxxreact.a;
			remoteRef = E99BBAAC1EE41FEA00915720 /* PBXContainerItemProxy */;
			sourceTree = BUILT_PRODUCTS_DIR;
		};
		E99BBAAF1EE41FEA00915720 /* libjschelpers.a */ = {
			isa = PBXReferenceProxy;
			fileType = archive.ar;
			path = libjschelpers.a;
			remoteRef = E99BBAAE1EE41FEA00915720 /* PBXContainerItemProxy */;
			sourceTree = BUILT_PRODUCTS_DIR;
		};
		E99BBAB11EE41FEA00915720 /* libjschelpers.a */ = {
			isa = PBXReferenceProxy;
			fileType = archive.ar;
			path = libjschelpers.a;
			remoteRef = E99BBAB01EE41FEA00915720 /* PBXContainerItemProxy */;
			sourceTree = BUILT_PRODUCTS_DIR;
		};
		E99BBAB71EE4200A00915720 /* libRCTActionSheet.a */ = {
			isa = PBXReferenceProxy;
			fileType = archive.ar;
			path = libRCTActionSheet.a;
			remoteRef = E99BBAB61EE4200A00915720 /* PBXContainerItemProxy */;
			sourceTree = BUILT_PRODUCTS_DIR;
		};
		E99BBABE1EE4201E00915720 /* libRCTAnimation.a */ = {
			isa = PBXReferenceProxy;
			fileType = archive.ar;
			path = libRCTAnimation.a;
			remoteRef = E99BBABD1EE4201E00915720 /* PBXContainerItemProxy */;
			sourceTree = BUILT_PRODUCTS_DIR;
		};
		E99BBAC01EE4201E00915720 /* libRCTAnimation.a */ = {
			isa = PBXReferenceProxy;
			fileType = archive.ar;
			path = libRCTAnimation.a;
			remoteRef = E99BBABF1EE4201E00915720 /* PBXContainerItemProxy */;
			sourceTree = BUILT_PRODUCTS_DIR;
		};
		E99BBAC61EE4202500915720 /* libRCTGeolocation.a */ = {
			isa = PBXReferenceProxy;
			fileType = archive.ar;
			path = libRCTGeolocation.a;
			remoteRef = E99BBAC51EE4202500915720 /* PBXContainerItemProxy */;
			sourceTree = BUILT_PRODUCTS_DIR;
		};
		E99BBACD1EE4202B00915720 /* libRCTImage.a */ = {
			isa = PBXReferenceProxy;
			fileType = archive.ar;
			path = libRCTImage.a;
			remoteRef = E99BBACC1EE4202B00915720 /* PBXContainerItemProxy */;
			sourceTree = BUILT_PRODUCTS_DIR;
		};
		E99BBACF1EE4202B00915720 /* libRCTImage-tvOS.a */ = {
			isa = PBXReferenceProxy;
			fileType = archive.ar;
			path = "libRCTImage-tvOS.a";
			remoteRef = E99BBACE1EE4202B00915720 /* PBXContainerItemProxy */;
			sourceTree = BUILT_PRODUCTS_DIR;
		};
		E99BBAD61EE4203500915720 /* libRCTLinking.a */ = {
			isa = PBXReferenceProxy;
			fileType = archive.ar;
			path = libRCTLinking.a;
			remoteRef = E99BBAD51EE4203500915720 /* PBXContainerItemProxy */;
			sourceTree = BUILT_PRODUCTS_DIR;
		};
		E99BBAD81EE4203500915720 /* libRCTLinking-tvOS.a */ = {
			isa = PBXReferenceProxy;
			fileType = archive.ar;
			path = "libRCTLinking-tvOS.a";
			remoteRef = E99BBAD71EE4203500915720 /* PBXContainerItemProxy */;
			sourceTree = BUILT_PRODUCTS_DIR;
		};
		E99BBADF1EE4203B00915720 /* libRCTNetwork.a */ = {
			isa = PBXReferenceProxy;
			fileType = archive.ar;
			path = libRCTNetwork.a;
			remoteRef = E99BBADE1EE4203B00915720 /* PBXContainerItemProxy */;
			sourceTree = BUILT_PRODUCTS_DIR;
		};
		E99BBAE11EE4203B00915720 /* libRCTNetwork-tvOS.a */ = {
			isa = PBXReferenceProxy;
			fileType = archive.ar;
			path = "libRCTNetwork-tvOS.a";
			remoteRef = E99BBAE01EE4203B00915720 /* PBXContainerItemProxy */;
			sourceTree = BUILT_PRODUCTS_DIR;
		};
		E99BBAE81EE4204700915720 /* libRCTSettings.a */ = {
			isa = PBXReferenceProxy;
			fileType = archive.ar;
			path = libRCTSettings.a;
			remoteRef = E99BBAE71EE4204700915720 /* PBXContainerItemProxy */;
			sourceTree = BUILT_PRODUCTS_DIR;
		};
		E99BBAEA1EE4204700915720 /* libRCTSettings-tvOS.a */ = {
			isa = PBXReferenceProxy;
			fileType = archive.ar;
			path = "libRCTSettings-tvOS.a";
			remoteRef = E99BBAE91EE4204700915720 /* PBXContainerItemProxy */;
			sourceTree = BUILT_PRODUCTS_DIR;
		};
		E99BBAF11EE4204D00915720 /* libRCTText.a */ = {
			isa = PBXReferenceProxy;
			fileType = archive.ar;
			path = libRCTText.a;
			remoteRef = E99BBAF01EE4204D00915720 /* PBXContainerItemProxy */;
			sourceTree = BUILT_PRODUCTS_DIR;
		};
		E99BBAF31EE4204D00915720 /* libRCTText-tvOS.a */ = {
			isa = PBXReferenceProxy;
			fileType = archive.ar;
			path = "libRCTText-tvOS.a";
			remoteRef = E99BBAF21EE4204D00915720 /* PBXContainerItemProxy */;
			sourceTree = BUILT_PRODUCTS_DIR;
		};
		E99BBAF91EE4205000915720 /* libRCTVibration.a */ = {
			isa = PBXReferenceProxy;
			fileType = archive.ar;
			path = libRCTVibration.a;
			remoteRef = E99BBAF81EE4205000915720 /* PBXContainerItemProxy */;
			sourceTree = BUILT_PRODUCTS_DIR;
		};
		E99BBB001EE4205500915720 /* libRCTWebSocket.a */ = {
			isa = PBXReferenceProxy;
			fileType = archive.ar;
			path = libRCTWebSocket.a;
			remoteRef = E99BBAFF1EE4205500915720 /* PBXContainerItemProxy */;
			sourceTree = BUILT_PRODUCTS_DIR;
		};
		E99BBB021EE4205500915720 /* libRCTWebSocket-tvOS.a */ = {
			isa = PBXReferenceProxy;
			fileType = archive.ar;
			path = "libRCTWebSocket-tvOS.a";
			remoteRef = E99BBB011EE4205500915720 /* PBXContainerItemProxy */;
			sourceTree = BUILT_PRODUCTS_DIR;
		};
		E99BBB081EE4205900915720 /* libRCTWKWebView.a */ = {
			isa = PBXReferenceProxy;
			fileType = archive.ar;
			path = libRCTWKWebView.a;
			remoteRef = E99BBB071EE4205900915720 /* PBXContainerItemProxy */;
			sourceTree = BUILT_PRODUCTS_DIR;
		};
		E99BBB1A1EE4207300915720 /* libReactNativeNavigation.a */ = {
			isa = PBXReferenceProxy;
			fileType = archive.ar;
			path = libReactNativeNavigation.a;
			remoteRef = E99BBB191EE4207300915720 /* PBXContainerItemProxy */;
			sourceTree = BUILT_PRODUCTS_DIR;
		};
/* End PBXReferenceProxy section */

/* Begin PBXResourcesBuildPhase section */
		E99BB9EA1EE411AA00915720 /* Resources */ = {
			isa = PBXResourcesBuildPhase;
			buildActionMask = 2147483647;
			files = (
				E91D41411EE4233F009BE67F /* web in Resources */,
				E99BBB7D1EE4227100915720 /* LaunchScreen.xib in Resources */,
				E99BB9F71EE411AA00915720 /* Assets.xcassets in Resources */,
			);
			runOnlyForDeploymentPostprocessing = 0;
		};
		E99BB9FE1EE411AA00915720 /* Resources */ = {
			isa = PBXResourcesBuildPhase;
			buildActionMask = 2147483647;
			files = (
			);
			runOnlyForDeploymentPostprocessing = 0;
		};
		E99BBA091EE411AA00915720 /* Resources */ = {
			isa = PBXResourcesBuildPhase;
			buildActionMask = 2147483647;
			files = (
			);
			runOnlyForDeploymentPostprocessing = 0;
		};
/* End PBXResourcesBuildPhase section */

/* Begin PBXShellScriptBuildPhase section */
		E99BBB5D1EE4210E00915720 /* Bundle React Native code and images */ = {
			isa = PBXShellScriptBuildPhase;
			buildActionMask = 12;
			files = (
			);
			inputPaths = (
			);
			name = "Bundle React Native code and images";
			outputPaths = (
			);
			runOnlyForDeploymentPostprocessing = 0;
			shellPath = /bin/sh;
			shellScript = "export NODE_BINARY=node\n../node_modules/react-native/scripts/react-native-xcode.sh";
		};
/* End PBXShellScriptBuildPhase section */

/* Begin PBXSourcesBuildPhase section */
		E99BB9E81EE411AA00915720 /* Sources */ = {
			isa = PBXSourcesBuildPhase;
			buildActionMask = 2147483647;
			files = (
				E91D41891EE4241F009BE67F /* NSURLProtocol+WKWebViewSupport.m in Sources */,
				E99BB9F01EE411AA00915720 /* AppDelegate.swift in Sources */,
				E91D41C01EE42AD6009BE67F /* AppProtocol.swift in Sources */,
			);
			runOnlyForDeploymentPostprocessing = 0;
		};
		E99BB9FC1EE411AA00915720 /* Sources */ = {
			isa = PBXSourcesBuildPhase;
			buildActionMask = 2147483647;
			files = (
				E99BBA051EE411AA00915720 /* NabiTests.swift in Sources */,
			);
			runOnlyForDeploymentPostprocessing = 0;
		};
		E99BBA071EE411AA00915720 /* Sources */ = {
			isa = PBXSourcesBuildPhase;
			buildActionMask = 2147483647;
			files = (
				E99BBA101EE411AA00915720 /* NabiUITests.swift in Sources */,
			);
			runOnlyForDeploymentPostprocessing = 0;
		};
/* End PBXSourcesBuildPhase section */

/* Begin PBXTargetDependency section */
		E99BBA021EE411AA00915720 /* PBXTargetDependency */ = {
			isa = PBXTargetDependency;
			target = E99BB9EB1EE411AA00915720 /* Nabi */;
			targetProxy = E99BBA011EE411AA00915720 /* PBXContainerItemProxy */;
		};
		E99BBA0D1EE411AA00915720 /* PBXTargetDependency */ = {
			isa = PBXTargetDependency;
			target = E99BB9EB1EE411AA00915720 /* Nabi */;
			targetProxy = E99BBA0C1EE411AA00915720 /* PBXContainerItemProxy */;
		};
/* End PBXTargetDependency section */

/* Begin PBXVariantGroup section */
		E99BBB7B1EE4227100915720 /* LaunchScreen.xib */ = {
			isa = PBXVariantGroup;
			children = (
				E99BBB7C1EE4227100915720 /* Base */,
			);
			name = LaunchScreen.xib;
			sourceTree = "<group>";
		};
/* End PBXVariantGroup section */

/* Begin XCBuildConfiguration section */
		E99BBA121EE411AA00915720 /* Debug */ = {
			isa = XCBuildConfiguration;
			buildSettings = {
				ALWAYS_SEARCH_USER_PATHS = NO;
				CLANG_ANALYZER_NONNULL = YES;
				CLANG_ANALYZER_NUMBER_OBJECT_CONVERSION = YES_AGGRESSIVE;
				CLANG_CXX_LANGUAGE_STANDARD = "gnu++0x";
				CLANG_CXX_LIBRARY = "libc++";
				CLANG_ENABLE_MODULES = YES;
				CLANG_ENABLE_OBJC_ARC = YES;
				CLANG_WARN_BOOL_CONVERSION = YES;
				CLANG_WARN_CONSTANT_CONVERSION = YES;
				CLANG_WARN_DIRECT_OBJC_ISA_USAGE = YES_ERROR;
				CLANG_WARN_DOCUMENTATION_COMMENTS = YES;
				CLANG_WARN_EMPTY_BODY = YES;
				CLANG_WARN_ENUM_CONVERSION = YES;
				CLANG_WARN_INFINITE_RECURSION = YES;
				CLANG_WARN_INT_CONVERSION = YES;
				CLANG_WARN_OBJC_ROOT_CLASS = YES_ERROR;
				CLANG_WARN_SUSPICIOUS_MOVE = YES;
				CLANG_WARN_UNREACHABLE_CODE = YES;
				CLANG_WARN__DUPLICATE_METHOD_MATCH = YES;
				"CODE_SIGN_IDENTITY[sdk=iphoneos*]" = "iPhone Developer";
				COPY_PHASE_STRIP = NO;
				DEBUG_INFORMATION_FORMAT = dwarf;
				ENABLE_STRICT_OBJC_MSGSEND = YES;
				ENABLE_TESTABILITY = YES;
				GCC_C_LANGUAGE_STANDARD = gnu99;
				GCC_DYNAMIC_NO_PIC = NO;
				GCC_NO_COMMON_BLOCKS = YES;
				GCC_OPTIMIZATION_LEVEL = 0;
				GCC_PREPROCESSOR_DEFINITIONS = (
					"DEBUG=1",
					"$(inherited)",
				);
				GCC_WARN_64_TO_32_BIT_CONVERSION = YES;
				GCC_WARN_ABOUT_RETURN_TYPE = YES_ERROR;
				GCC_WARN_UNDECLARED_SELECTOR = YES;
				GCC_WARN_UNINITIALIZED_AUTOS = YES_AGGRESSIVE;
				GCC_WARN_UNUSED_FUNCTION = YES;
				GCC_WARN_UNUSED_VARIABLE = YES;
				IPHONEOS_DEPLOYMENT_TARGET = 10.3;
				MTL_ENABLE_DEBUG_INFO = YES;
				ONLY_ACTIVE_ARCH = YES;
				SDKROOT = iphoneos;
				SWIFT_ACTIVE_COMPILATION_CONDITIONS = DEBUG;
				SWIFT_OPTIMIZATION_LEVEL = "-Onone";
				TARGETED_DEVICE_FAMILY = "1,2";
			};
			name = Debug;
		};
		E99BBA131EE411AA00915720 /* Release */ = {
			isa = XCBuildConfiguration;
			buildSettings = {
				ALWAYS_SEARCH_USER_PATHS = NO;
				CLANG_ANALYZER_NONNULL = YES;
				CLANG_ANALYZER_NUMBER_OBJECT_CONVERSION = YES_AGGRESSIVE;
				CLANG_CXX_LANGUAGE_STANDARD = "gnu++0x";
				CLANG_CXX_LIBRARY = "libc++";
				CLANG_ENABLE_MODULES = YES;
				CLANG_ENABLE_OBJC_ARC = YES;
				CLANG_WARN_BOOL_CONVERSION = YES;
				CLANG_WARN_CONSTANT_CONVERSION = YES;
				CLANG_WARN_DIRECT_OBJC_ISA_USAGE = YES_ERROR;
				CLANG_WARN_DOCUMENTATION_COMMENTS = YES;
				CLANG_WARN_EMPTY_BODY = YES;
				CLANG_WARN_ENUM_CONVERSION = YES;
				CLANG_WARN_INFINITE_RECURSION = YES;
				CLANG_WARN_INT_CONVERSION = YES;
				CLANG_WARN_OBJC_ROOT_CLASS = YES_ERROR;
				CLANG_WARN_SUSPICIOUS_MOVE = YES;
				CLANG_WARN_UNREACHABLE_CODE = YES;
				CLANG_WARN__DUPLICATE_METHOD_MATCH = YES;
				"CODE_SIGN_IDENTITY[sdk=iphoneos*]" = "iPhone Developer";
				COPY_PHASE_STRIP = NO;
				DEBUG_INFORMATION_FORMAT = "dwarf-with-dsym";
				ENABLE_NS_ASSERTIONS = NO;
				ENABLE_STRICT_OBJC_MSGSEND = YES;
				GCC_C_LANGUAGE_STANDARD = gnu99;
				GCC_NO_COMMON_BLOCKS = YES;
				GCC_WARN_64_TO_32_BIT_CONVERSION = YES;
				GCC_WARN_ABOUT_RETURN_TYPE = YES_ERROR;
				GCC_WARN_UNDECLARED_SELECTOR = YES;
				GCC_WARN_UNINITIALIZED_AUTOS = YES_AGGRESSIVE;
				GCC_WARN_UNUSED_FUNCTION = YES;
				GCC_WARN_UNUSED_VARIABLE = YES;
				IPHONEOS_DEPLOYMENT_TARGET = 10.3;
				MTL_ENABLE_DEBUG_INFO = NO;
				SDKROOT = iphoneos;
				SWIFT_OPTIMIZATION_LEVEL = "-Owholemodule";
				TARGETED_DEVICE_FAMILY = "1,2";
				VALIDATE_PRODUCT = YES;
			};
			name = Release;
		};
		E99BBA151EE411AA00915720 /* Debug */ = {
			isa = XCBuildConfiguration;
			buildSettings = {
				ASSETCATALOG_COMPILER_APPICON_NAME = AppIcon;
				CLANG_ENABLE_MODULES = YES;
				DEVELOPMENT_TEAM = 3K6TZ9NCHM;
				INFOPLIST_FILE = Nabi/Info.plist;
				LD_RUNPATH_SEARCH_PATHS = "$(inherited) @executable_path/Frameworks";
				OTHER_LDFLAGS = (
					"$(inherited)",
					"-ObjC",
					"-lc++",
				);
				PRODUCT_BUNDLE_IDENTIFIER = cloud.kim.Nabi;
				PRODUCT_NAME = "$(TARGET_NAME)";
				SWIFT_OBJC_BRIDGING_HEADER = "Nabi/Nabi-Bridging-Header.h";
				SWIFT_OPTIMIZATION_LEVEL = "-Onone";
				SWIFT_VERSION = 3.0;
				USER_HEADER_SEARCH_PATHS = "$(inherited) $(SRCROOT)/../node_modules/react-native/React/** $(SRCROOT)/../node_modules/react-native-navigation/ios/**";
			};
			name = Debug;
		};
		E99BBA161EE411AA00915720 /* Release */ = {
			isa = XCBuildConfiguration;
			buildSettings = {
				ASSETCATALOG_COMPILER_APPICON_NAME = AppIcon;
				CLANG_ENABLE_MODULES = YES;
				DEVELOPMENT_TEAM = 3K6TZ9NCHM;
				INFOPLIST_FILE = Nabi/Info.plist;
				LD_RUNPATH_SEARCH_PATHS = "$(inherited) @executable_path/Frameworks";
				OTHER_LDFLAGS = (
					"$(inherited)",
					"-ObjC",
					"-lc++",
				);
				PRODUCT_BUNDLE_IDENTIFIER = cloud.kim.Nabi;
				PRODUCT_NAME = "$(TARGET_NAME)";
				SWIFT_OBJC_BRIDGING_HEADER = "Nabi/Nabi-Bridging-Header.h";
				SWIFT_VERSION = 3.0;
				USER_HEADER_SEARCH_PATHS = "$(inherited) $(SRCROOT)/../node_modules/react-native/React/** $(SRCROOT)/../node_modules/react-native-navigation/ios/**";
			};
			name = Release;
		};
		E99BBA181EE411AA00915720 /* Debug */ = {
			isa = XCBuildConfiguration;
			buildSettings = {
				ALWAYS_EMBED_SWIFT_STANDARD_LIBRARIES = YES;
				BUNDLE_LOADER = "$(TEST_HOST)";
				DEVELOPMENT_TEAM = 3K6TZ9NCHM;
				INFOPLIST_FILE = NabiTests/Info.plist;
				LD_RUNPATH_SEARCH_PATHS = "$(inherited) @executable_path/Frameworks @loader_path/Frameworks";
				PRODUCT_BUNDLE_IDENTIFIER = cloud.kim.NabiTests;
				PRODUCT_NAME = "$(TARGET_NAME)";
				SWIFT_VERSION = 3.0;
				TEST_HOST = "$(BUILT_PRODUCTS_DIR)/Nabi.app/Nabi";
			};
			name = Debug;
		};
		E99BBA191EE411AA00915720 /* Release */ = {
			isa = XCBuildConfiguration;
			buildSettings = {
				ALWAYS_EMBED_SWIFT_STANDARD_LIBRARIES = YES;
				BUNDLE_LOADER = "$(TEST_HOST)";
				DEVELOPMENT_TEAM = 3K6TZ9NCHM;
				INFOPLIST_FILE = NabiTests/Info.plist;
				LD_RUNPATH_SEARCH_PATHS = "$(inherited) @executable_path/Frameworks @loader_path/Frameworks";
				PRODUCT_BUNDLE_IDENTIFIER = cloud.kim.NabiTests;
				PRODUCT_NAME = "$(TARGET_NAME)";
				SWIFT_VERSION = 3.0;
				TEST_HOST = "$(BUILT_PRODUCTS_DIR)/Nabi.app/Nabi";
			};
			name = Release;
		};
		E99BBA1B1EE411AA00915720 /* Debug */ = {
			isa = XCBuildConfiguration;
			buildSettings = {
				ALWAYS_EMBED_SWIFT_STANDARD_LIBRARIES = YES;
				DEVELOPMENT_TEAM = 3K6TZ9NCHM;
				INFOPLIST_FILE = NabiUITests/Info.plist;
				LD_RUNPATH_SEARCH_PATHS = "$(inherited) @executable_path/Frameworks @loader_path/Frameworks";
				PRODUCT_BUNDLE_IDENTIFIER = cloud.kim.NabiUITests;
				PRODUCT_NAME = "$(TARGET_NAME)";
				SWIFT_VERSION = 3.0;
				TEST_TARGET_NAME = Nabi;
			};
			name = Debug;
		};
		E99BBA1C1EE411AA00915720 /* Release */ = {
			isa = XCBuildConfiguration;
			buildSettings = {
				ALWAYS_EMBED_SWIFT_STANDARD_LIBRARIES = YES;
				DEVELOPMENT_TEAM = 3K6TZ9NCHM;
				INFOPLIST_FILE = NabiUITests/Info.plist;
				LD_RUNPATH_SEARCH_PATHS = "$(inherited) @executable_path/Frameworks @loader_path/Frameworks";
				PRODUCT_BUNDLE_IDENTIFIER = cloud.kim.NabiUITests;
				PRODUCT_NAME = "$(TARGET_NAME)";
				SWIFT_VERSION = 3.0;
				TEST_TARGET_NAME = Nabi;
			};
			name = Release;
		};
/* End XCBuildConfiguration section */

/* Begin XCConfigurationList section */
		E99BB9E71EE411AA00915720 /* Build configuration list for PBXProject "Nabi" */ = {
			isa = XCConfigurationList;
			buildConfigurations = (
				E99BBA121EE411AA00915720 /* Debug */,
				E99BBA131EE411AA00915720 /* Release */,
			);
			defaultConfigurationIsVisible = 0;
			defaultConfigurationName = Release;
		};
		E99BBA141EE411AA00915720 /* Build configuration list for PBXNativeTarget "Nabi" */ = {
			isa = XCConfigurationList;
			buildConfigurations = (
				E99BBA151EE411AA00915720 /* Debug */,
				E99BBA161EE411AA00915720 /* Release */,
			);
			defaultConfigurationIsVisible = 0;
			defaultConfigurationName = Release;
		};
		E99BBA171EE411AA00915720 /* Build configuration list for PBXNativeTarget "NabiTests" */ = {
			isa = XCConfigurationList;
			buildConfigurations = (
				E99BBA181EE411AA00915720 /* Debug */,
				E99BBA191EE411AA00915720 /* Release */,
			);
			defaultConfigurationIsVisible = 0;
			defaultConfigurationName = Release;
		};
		E99BBA1A1EE411AA00915720 /* Build configuration list for PBXNativeTarget "NabiUITests" */ = {
			isa = XCConfigurationList;
			buildConfigurations = (
				E99BBA1B1EE411AA00915720 /* Debug */,
				E99BBA1C1EE411AA00915720 /* Release */,
			);
			defaultConfigurationIsVisible = 0;
			defaultConfigurationName = Release;
		};
/* End XCConfigurationList section */
	};
	rootObject = E99BB9E41EE411AA00915720 /* Project object */;
}
